
Microsoft Visual Studio Solution File, Format Version 12.00
# Visual Studio Version 16
VisualStudioVersion = 16.0.31205.134
MinimumVisualStudioVersion = 10.0.40219.1
Project("{FAE04EC0-301F-11D3-BF4B-00C04F79EFBC}") = "BarbequeWeather", "BarbequeWeather\BarbequeWeather.csproj", "{75FC8A5C-DF9F-4DB4-9051-3807C4F016F2}"
EndProject
Project("{FAE04EC0-301F-11D3-BF4B-00C04F79EFBC}") = "BarbequeWeather.Test", "BarbequeWeather.Test\BarbequeWeather.Test.csproj", "{44FCD0D2-FFE4-44F7-BC67-1B234DBBBC1B}"
EndProject
Global
	GlobalSection(SolutionConfigurationPlatforms) = preSolution
		Debug|Any CPU = Debug|Any CPU
		Release|Any CPU = Release|Any CPU
	EndGlobalSection
	GlobalSection(ProjectConfigurationPlatforms) = postSolution
		{75FC8A5C-DF9F-4DB4-9051-3807C4F016F2}.Debug|Any CPU.ActiveCfg = Debug|Any CPU
		{75FC8A5C-DF9F-4DB4-9051-3807C4F016F2}.Debug|Any CPU.Build.0 = Debug|Any CPU
		{75FC8A5C-DF9F-4DB4-9051-3807C4F016F2}.Release|Any CPU.ActiveCfg = Release|Any CPU
		{75FC8A5C-DF9F-4DB4-9051-3807C4F016F2}.Release|Any CPU.Build.0 = Release|Any CPU
		{44FCD0D2-FFE4-44F7-BC67-1B234DBBBC1B}.Debug|Any CPU.ActiveCfg = Debug|Any CPU
		{44FCD0D2-FFE4-44F7-BC67-1B234DBBBC1B}.Debug|Any CPU.Build.0 = Debug|Any CPU
		{44FCD0D2-FFE4-44F7-BC67-1B234DBBBC1B}.Release|Any CPU.ActiveCfg = Release|Any CPU
		{44FCD0D2-FFE4-44F7-BC67-1B234DBBBC1B}.Release|Any CPU.Build.0 = Release|Any CPU
	EndGlobalSection
	GlobalSection(SolutionProperties) = preSolution
		HideSolutionNode = FALSE
	EndGlobalSection
	GlobalSection(ExtensibilityGlobals) = postSolution
		SolutionGuid = {C5BA0465-5A54-4E62-A33C-BCBCADE02816}
	EndGlobalSection
EndGlobal
